
Microsoft Visual Studio Solution File, Format Version 12.00
# Visual Studio Version 17
VisualStudioVersion = 17.7.34024.191
MinimumVisualStudioVersion = 10.0.40219.1
Project("{FAE04EC0-301F-11D3-BF4B-00C04F79EFBC}") = "ConsoleApp1", "ConsoleApp1\ConsoleApp1.csproj", "{4A01FF5B-FC30-44B5-AFDD-8BE6BE36974D}"
EndProject
Global
	GlobalSection(SolutionConfigurationPlatforms) = preSolution
		Debug|Any CPU = Debug|Any CPU
		Release|Any CPU = Release|Any CPU
	EndGlobalSection
	GlobalSection(ProjectConfigurationPlatforms) = postSolution
		{4A01FF5B-FC30-44B5-AFDD-8BE6BE36974D}.Debug|Any CPU.ActiveCfg = Debug|Any CPU
		{4A01FF5B-FC30-44B5-AFDD-8BE6BE36974D}.Debug|Any CPU.Build.0 = Debug|Any CPU
		{4A01FF5B-FC30-44B5-AFDD-8BE6BE36974D}.Release|Any CPU.ActiveCfg = Release|Any CPU
		{4A01FF5B-FC30-44B5-AFDD-8BE6BE36974D}.Release|Any CPU.Build.0 = Release|Any CPU
	EndGlobalSection
	GlobalSection(SolutionProperties) = preSolution
		HideSolutionNode = FALSE
	EndGlobalSection
	GlobalSection(ExtensibilityGlobals) = postSolution
		SolutionGuid = {9F179A6A-C9EB-4322-B858-FEE212FFF315}
	EndGlobalSection
EndGlobal
